
Microsoft Visual Studio Solution File, Format Version 12.00
# Visual Studio Version 17
VisualStudioVersion = 17.1.32328.378
MinimumVisualStudioVersion = 10.0.40219.1
Project("{9A19103F-16F7-4668-BE54-9A1E7A4F7556}") = "Restaurant-Manager.NET", "Restaurant-Manager.NET\Restaurant-Manager.NET.csproj", "{C7B3E87E-A634-4DA0-9790-97A7DCEF3753}"
EndProject
Global
	GlobalSection(SolutionConfigurationPlatforms) = preSolution
		Debug|Any CPU = Debug|Any CPU
		Release|Any CPU = Release|Any CPU
	EndGlobalSection
	GlobalSection(ProjectConfigurationPlatforms) = postSolution
		{C7B3E87E-A634-4DA0-9790-97A7DCEF3753}.Debug|Any CPU.ActiveCfg = Debug|Any CPU
		{C7B3E87E-A634-4DA0-9790-97A7DCEF3753}.Debug|Any CPU.Build.0 = Debug|Any CPU
		{C7B3E87E-A634-4DA0-9790-97A7DCEF3753}.Release|Any CPU.ActiveCfg = Release|Any CPU
		{C7B3E87E-A634-4DA0-9790-97A7DCEF3753}.Release|Any CPU.Build.0 = Release|Any CPU
	EndGlobalSection
	GlobalSection(SolutionProperties) = preSolution
		HideSolutionNode = FALSE
	EndGlobalSection
	GlobalSection(ExtensibilityGlobals) = postSolution
		SolutionGuid = {A8E0A8E3-ED8A-487D-A73F-1707111EF217}
	EndGlobalSection
EndGlobal
